
Microsoft Visual Studio Solution File, Format Version 12.00
# Visual Studio 15
VisualStudioVersion = 15.0.27428.2037
MinimumVisualStudioVersion = 10.0.40219.1
Project("{FAE04EC0-301F-11D3-BF4B-00C04F79EFBC}") = "BackgroundAzureIotHub", "BackgroundAzureIotHub\BackgroundAzureIotHub.csproj", "{BA61490D-0751-45B8-B875-EE2BC53D2B99}"
EndProject
Global
	GlobalSection(SolutionConfigurationPlatforms) = preSolution
		Debug|ARM = Debug|ARM
		Debug|x64 = Debug|x64
		Debug|x86 = Debug|x86
		Release|ARM = Release|ARM
		Release|x64 = Release|x64
		Release|x86 = Release|x86
	EndGlobalSection
	GlobalSection(ProjectConfigurationPlatforms) = postSolution
		{BA61490D-0751-45B8-B875-EE2BC53D2B99}.Debug|ARM.ActiveCfg = Debug|ARM
		{BA61490D-0751-45B8-B875-EE2BC53D2B99}.Debug|ARM.Build.0 = Debug|ARM
		{BA61490D-0751-45B8-B875-EE2BC53D2B99}.Debug|ARM.Deploy.0 = Debug|ARM
		{BA61490D-0751-45B8-B875-EE2BC53D2B99}.Debug|x64.ActiveCfg = Debug|x64
		{BA61490D-0751-45B8-B875-EE2BC53D2B99}.Debug|x64.Build.0 = Debug|x64
		{BA61490D-0751-45B8-B875-EE2BC53D2B99}.Debug|x64.Deploy.0 = Debug|x64
		{BA61490D-0751-45B8-B875-EE2BC53D2B99}.Debug|x86.ActiveCfg = Debug|x86
		{BA61490D-0751-45B8-B875-EE2BC53D2B99}.Debug|x86.Build.0 = Debug|x86
		{BA61490D-0751-45B8-B875-EE2BC53D2B99}.Debug|x86.Deploy.0 = Debug|x86
		{BA61490D-0751-45B8-B875-EE2BC53D2B99}.Release|ARM.ActiveCfg = Release|ARM
		{BA61490D-0751-45B8-B875-EE2BC53D2B99}.Release|ARM.Build.0 = Release|ARM
		{BA61490D-0751-45B8-B875-EE2BC53D2B99}.Release|ARM.Deploy.0 = Release|ARM
		{BA61490D-0751-45B8-B875-EE2BC53D2B99}.Release|x64.ActiveCfg = Release|x64
		{BA61490D-0751-45B8-B875-EE2BC53D2B99}.Release|x64.Build.0 = Release|x64
		{BA61490D-0751-45B8-B875-EE2BC53D2B99}.Release|x64.Deploy.0 = Release|x64
		{BA61490D-0751-45B8-B875-EE2BC53D2B99}.Release|x86.ActiveCfg = Release|x86
		{BA61490D-0751-45B8-B875-EE2BC53D2B99}.Release|x86.Build.0 = Release|x86
		{BA61490D-0751-45B8-B875-EE2BC53D2B99}.Release|x86.Deploy.0 = Release|x86
	EndGlobalSection
	GlobalSection(SolutionProperties) = preSolution
		HideSolutionNode = FALSE
	EndGlobalSection
	GlobalSection(ExtensibilityGlobals) = postSolution
		SolutionGuid = {E77FD7E1-5B14-4336-A130-206B90DA451B}
	EndGlobalSection
EndGlobal
